
Microsoft Visual Studio Solution File, Format Version 12.00
# Visual Studio 15
VisualStudioVersion = 15.0.28307.1525
MinimumVisualStudioVersion = 10.0.40219.1
Project("{2150E333-8FDC-42A3-9474-1A3956D46DE8}") = "CleanArch.Application", "CleanArch.Application", "{20BE3194-29C6-4433-8EA3-F08FB8060F3E}"
EndProject
Project("{2150E333-8FDC-42A3-9474-1A3956D46DE8}") = "CleanArch.Domain", "CleanArch.Domain", "{3A2FE18F-35CB-42EC-8815-8E0A694C83E2}"
EndProject
Project("{2150E333-8FDC-42A3-9474-1A3956D46DE8}") = "CleanArch.Infra.Data", "CleanArch.Infra.Data", "{7E6452A1-94A8-4B56-BD29-717AFD4B69CD}"
EndProject
Project("{2150E333-8FDC-42A3-9474-1A3956D46DE8}") = "CleanArch.Infra.IoC", "CleanArch.Infra.IoC", "{7BAFB3D6-6F6E-43D1-B44F-8BE847D9C0C6}"
EndProject
Project("{2150E333-8FDC-42A3-9474-1A3956D46DE8}") = "CleanArch.UI.Mvc", "CleanArch.UI.Mvc", "{7E44211E-CFED-403B-91A8-A07C3FECF29B}"
EndProject
Project("{FAE04EC0-301F-11D3-BF4B-00C04F79EFBC}") = "CleanArch.Mvc", "CleanArch.Mvc\CleanArch.Mvc.csproj", "{3D90A554-D870-4E1B-AF9A-B95F7C563B34}"
EndProject
Global
	GlobalSection(SolutionConfigurationPlatforms) = preSolution
		Debug|Any CPU = Debug|Any CPU
		Release|Any CPU = Release|Any CPU
	EndGlobalSection
	GlobalSection(ProjectConfigurationPlatforms) = postSolution
		{3D90A554-D870-4E1B-AF9A-B95F7C563B34}.Debug|Any CPU.ActiveCfg = Debug|Any CPU
		{3D90A554-D870-4E1B-AF9A-B95F7C563B34}.Debug|Any CPU.Build.0 = Debug|Any CPU
		{3D90A554-D870-4E1B-AF9A-B95F7C563B34}.Release|Any CPU.ActiveCfg = Release|Any CPU
		{3D90A554-D870-4E1B-AF9A-B95F7C563B34}.Release|Any CPU.Build.0 = Release|Any CPU
	EndGlobalSection
	GlobalSection(SolutionProperties) = preSolution
		HideSolutionNode = FALSE
	EndGlobalSection
	GlobalSection(NestedProjects) = preSolution
		{3D90A554-D870-4E1B-AF9A-B95F7C563B34} = {7E44211E-CFED-403B-91A8-A07C3FECF29B}
	EndGlobalSection
	GlobalSection(ExtensibilityGlobals) = postSolution
		SolutionGuid = {30F8B53C-BB10-48AC-960E-4B2203B93FA3}
	EndGlobalSection
EndGlobal
